{
  "nodes": {
    "nixpkgs": {
      "locked": {
        "lastModified": 1731160041,
        "narHash": "sha256-GJGWL/s0SRH8VygMU+I3ETYbnVMQaNwYZBvXzbg/Ng4=",
        "owner": "nixos",
        "repo": "nixpkgs",
        "rev": "dcdd61e5e5b28e7711ce72912ea59c3e5cff776d",
        "type": "github"
      },
      "original": {
        "owner": "nixos",
        "repo": "nixpkgs",
        "type": "github"
      }
    },
    "root": {
      "inputs": {
        "nixpkgs": "nixpkgs"
      }
    }
  },
  "root": "root",
  "version": 7
}
