{
  "nodes": {
    "nixpkgs": {
      "locked": {
        "lastModified": 1731161287,
        "narHash": "sha256-Ojb1P87hWDdhwKUeAX+Qb+DI7E+oSPxe66bUCIMR2+c=",
        "owner": "nixos",
        "repo": "nixpkgs",
        "rev": "2ef132b3585e21aa4dc50f0e0bb9955c1e0d7505",
        "type": "github"
      },
      "original": {
        "owner": "nixos",
        "repo": "nixpkgs",
        "type": "github"
      }
    },
    "root": {
      "inputs": {
        "nixpkgs": "nixpkgs"
      }
    }
  },
  "root": "root",
  "version": 7
}
